
Microsoft Visual Studio Solution File, Format Version 12.00
# Visual Studio Version 17
VisualStudioVersion = 17.7.34221.43
MinimumVisualStudioVersion = 10.0.40219.1
Project("{FAE04EC0-301F-11D3-BF4B-00C04F79EFBC}") = "WebApi", "WebApi\WebApi.csproj", "{5028C978-5960-49F2-9EEB-6C0CCB223AD9}"
EndProject
Project("{FAE04EC0-301F-11D3-BF4B-00C04F79EFBC}") = "IdentityServer", "IdentityServer\IdentityServer.csproj", "{25BC4653-1E7A-48A9-AF56-7E793BBC2647}"
EndProject
Project("{FAE04EC0-301F-11D3-BF4B-00C04F79EFBC}") = "WebApiPKCE", "WebApiPKCE\WebApiPKCE.csproj", "{4CB46532-B93F-4356-92B1-1E88A354C673}"
EndProject
Project("{FAE04EC0-301F-11D3-BF4B-00C04F79EFBC}") = "IdentityServerPKCE", "IdentityServerPKCE\IdentityServerPKCE.csproj", "{445923CD-E28E-4403-89DF-7E363B940428}"
EndProject
Global
	GlobalSection(SolutionConfigurationPlatforms) = preSolution
		Debug|Any CPU = Debug|Any CPU
		Release|Any CPU = Release|Any CPU
	EndGlobalSection
	GlobalSection(ProjectConfigurationPlatforms) = postSolution
		{5028C978-5960-49F2-9EEB-6C0CCB223AD9}.Debug|Any CPU.ActiveCfg = Debug|Any CPU
		{5028C978-5960-49F2-9EEB-6C0CCB223AD9}.Debug|Any CPU.Build.0 = Debug|Any CPU
		{5028C978-5960-49F2-9EEB-6C0CCB223AD9}.Release|Any CPU.ActiveCfg = Release|Any CPU
		{5028C978-5960-49F2-9EEB-6C0CCB223AD9}.Release|Any CPU.Build.0 = Release|Any CPU
		{25BC4653-1E7A-48A9-AF56-7E793BBC2647}.Debug|Any CPU.ActiveCfg = Debug|Any CPU
		{25BC4653-1E7A-48A9-AF56-7E793BBC2647}.Debug|Any CPU.Build.0 = Debug|Any CPU
		{25BC4653-1E7A-48A9-AF56-7E793BBC2647}.Release|Any CPU.ActiveCfg = Release|Any CPU
		{25BC4653-1E7A-48A9-AF56-7E793BBC2647}.Release|Any CPU.Build.0 = Release|Any CPU
		{4CB46532-B93F-4356-92B1-1E88A354C673}.Debug|Any CPU.ActiveCfg = Debug|Any CPU
		{4CB46532-B93F-4356-92B1-1E88A354C673}.Debug|Any CPU.Build.0 = Debug|Any CPU
		{4CB46532-B93F-4356-92B1-1E88A354C673}.Release|Any CPU.ActiveCfg = Release|Any CPU
		{4CB46532-B93F-4356-92B1-1E88A354C673}.Release|Any CPU.Build.0 = Release|Any CPU
		{445923CD-E28E-4403-89DF-7E363B940428}.Debug|Any CPU.ActiveCfg = Debug|Any CPU
		{445923CD-E28E-4403-89DF-7E363B940428}.Debug|Any CPU.Build.0 = Debug|Any CPU
		{445923CD-E28E-4403-89DF-7E363B940428}.Release|Any CPU.ActiveCfg = Release|Any CPU
		{445923CD-E28E-4403-89DF-7E363B940428}.Release|Any CPU.Build.0 = Release|Any CPU
	EndGlobalSection
	GlobalSection(SolutionProperties) = preSolution
		HideSolutionNode = FALSE
	EndGlobalSection
	GlobalSection(ExtensibilityGlobals) = postSolution
		SolutionGuid = {91C90EC1-850D-4457-889B-781395E2510F}
	EndGlobalSection
EndGlobal
